
Microsoft Visual Studio Solution File, Format Version 12.00
# Visual Studio Version 17
VisualStudioVersion = 17.14.36408.4 d17.14
MinimumVisualStudioVersion = 10.0.40219.1
Project("{FAE04EC0-301F-11D3-BF4B-00C04F79EFBC}") = "repetitorbot", "repetitorbot.csproj", "{46C8E910-55CA-40D9-BB62-1F8C82D5B86A}"
EndProject
Global
	GlobalSection(SolutionConfigurationPlatforms) = preSolution
		Debug|Any CPU = Debug|Any CPU
		Release|Any CPU = Release|Any CPU
	EndGlobalSection
	GlobalSection(ProjectConfigurationPlatforms) = postSolution
		{46C8E910-55CA-40D9-BB62-1F8C82D5B86A}.Debug|Any CPU.ActiveCfg = Debug|Any CPU
		{46C8E910-55CA-40D9-BB62-1F8C82D5B86A}.Debug|Any CPU.Build.0 = Debug|Any CPU
		{46C8E910-55CA-40D9-BB62-1F8C82D5B86A}.Release|Any CPU.ActiveCfg = Release|Any CPU
		{46C8E910-55CA-40D9-BB62-1F8C82D5B86A}.Release|Any CPU.Build.0 = Release|Any CPU
	EndGlobalSection
	GlobalSection(SolutionProperties) = preSolution
		HideSolutionNode = FALSE
	EndGlobalSection
	GlobalSection(ExtensibilityGlobals) = postSolution
		SolutionGuid = {C160BCCD-C6BC-476F-816D-C47D80752D24}
	EndGlobalSection
EndGlobal
